<?xml version="1.0" encoding="utf-8"?>
<Project ToolsVersion="4.0" xmlns="http://schemas.microsoft.com/developer/msbuild/2003">
  <ItemGroup>
    <Filter Include="源文件">
      <UniqueIdentifier>{4FC737F1-C7A5-4376-A066-2A32D752A2FF}</UniqueIdentifier>
      <Extensions>cpp;c;cc;cxx;c++;cppm;ixx;def;odl;idl;hpj;bat;asm;asmx</Extensions>
    </Filter>
    <Filter Include="头文件">
      <UniqueIdentifier>{93995380-89BD-4b04-88EB-625FBE52EBFB}</UniqueIdentifier>
      <Extensions>h;hh;hpp;hxx;h++;hm;inl;inc;ipp;xsd</Extensions>
    </Filter>
    <Filter Include="资源文件">
      <UniqueIdentifier>{67DA6AB6-F800-4c08-8B7A-83BB121AAD01}</UniqueIdentifier>
      <Extensions>rc;ico;cur;bmp;dlg;rc2;rct;bin;rgs;gif;jpg;jpeg;jpe;resx;tiff;tif;png;wav;mfcribbon-ms</Extensions>
    </Filter>
  </ItemGroup>
  <ItemGroup>
    <ClCompile Include="Boost.cpp">
      <Filter>源文件</Filter>
    </ClCompile>
    <ClCompile Include="ComponentImpl.cpp">
      <Filter>源文件</Filter>
    </ClCompile>
    <ClCompile Include="FSAesClientFactoryImpl.cpp">
      <Filter>源文件</Filter>
    </ClCompile>
    <ClCompile Include="FSAesClientImpl.cpp">
      <Filter>源文件</Filter>
    </ClCompile>
    <ClCompile Include="TaskManager.cpp">
      <Filter>源文件</Filter>
    </ClCompile>
    <ClCompile Include="FSAesSwitchManager.cpp">
      <Filter>源文件</Filter>
    </ClCompile>
    <ClCompile Include="Agent.cpp">
      <Filter>源文件</Filter>
    </ClCompile>
    <ClCompile Include="AgentManager.cpp">
      <Filter>源文件</Filter>
    </ClCompile>
    <ClCompile Include="SysConfig.cpp">
      <Filter>源文件</Filter>
    </ClCompile>
    <ClCompile Include="DeviceManager.cpp">
      <Filter>源文件</Filter>
    </ClCompile>
    <ClCompile Include="Device.cpp">
      <Filter>源文件</Filter>
    </ClCompile>
    <ClCompile Include="FSAesHttpHelper.cpp">
      <Filter>源文件</Filter>
    </ClCompile>
    <ClCompile Include="CommonTimer.cpp">
      <Filter>源文件</Filter>
    </ClCompile>
    <ClCompile Include="FactoryImpl.cpp">
      <Filter>源文件</Filter>
    </ClCompile>
    <ClCompile Include="CallManager.cpp">
      <Filter>源文件</Filter>
    </ClCompile>
    <ClCompile Include="FSAesEventProtocol.cpp">
      <Filter>源文件</Filter>
    </ClCompile>
    <ClCompile Include="ConferenceManager.cpp">
      <Filter>源文件</Filter>
    </ClCompile>
    <ClCompile Include="BlackListManager.cpp">
      <Filter>源文件</Filter>
    </ClCompile>
    <ClCompile Include="CTICallbackFunHelper.cpp">
      <Filter>源文件</Filter>
    </ClCompile>
  </ItemGroup>
  <ItemGroup>
    <ClInclude Include="Boost.h">
      <Filter>头文件</Filter>
    </ClInclude>
    <ClInclude Include="ComponentImpl.h">
      <Filter>头文件</Filter>
    </ClInclude>
    <ClInclude Include="FSAesClientFactoryImpl.h">
      <Filter>头文件</Filter>
    </ClInclude>
    <ClInclude Include="FSAesClientImpl.h">
      <Filter>头文件</Filter>
    </ClInclude>
    <ClInclude Include="TaskManager.h">
      <Filter>头文件</Filter>
    </ClInclude>
    <ClInclude Include="FSAesSwitchManager.h">
      <Filter>头文件</Filter>
    </ClInclude>
    <ClInclude Include="Agent.h">
      <Filter>头文件</Filter>
    </ClInclude>
    <ClInclude Include="AgentManager.h">
      <Filter>头文件</Filter>
    </ClInclude>
    <ClInclude Include="SysConfig.h">
      <Filter>头文件</Filter>
    </ClInclude>
    <ClInclude Include="DeviceManager.h">
      <Filter>头文件</Filter>
    </ClInclude>
    <ClInclude Include="Device.h">
      <Filter>头文件</Filter>
    </ClInclude>
    <ClInclude Include="CAgentPhoneState.h">
      <Filter>头文件</Filter>
    </ClInclude>
    <ClInclude Include="WorkThread.h">
      <Filter>头文件</Filter>
    </ClInclude>
    <ClInclude Include="FSAesHttpHelper.h">
      <Filter>头文件</Filter>
    </ClInclude>
    <ClInclude Include="RequestResultEvent.h">
      <Filter>头文件</Filter>
    </ClInclude>
    <ClInclude Include="CTIFSAesDefine.h">
      <Filter>头文件</Filter>
    </ClInclude>
    <ClInclude Include="CTIFSAesNotifaction.h">
      <Filter>头文件</Filter>
    </ClInclude>
    <ClInclude Include="CommonTimer.h">
      <Filter>头文件</Filter>
    </ClInclude>
    <ClInclude Include="CommonTimerCore.h">
      <Filter>头文件</Filter>
    </ClInclude>
    <ClInclude Include="FactoryImpl.h">
      <Filter>头文件</Filter>
    </ClInclude>
    <ClInclude Include="CallManager.h">
      <Filter>头文件</Filter>
    </ClInclude>
    <ClInclude Include="FSAesEventProtocol.h">
      <Filter>头文件</Filter>
    </ClInclude>
    <ClInclude Include="ConferenceManager.h">
      <Filter>头文件</Filter>
    </ClInclude>
    <ClInclude Include="BlackListManager.h">
      <Filter>头文件</Filter>
    </ClInclude>
    <ClInclude Include="CTICallbackFunHelper.h">
      <Filter>头文件</Filter>
    </ClInclude>
  </ItemGroup>
  <ItemGroup>
    <None Include="cpp.hint" />
  </ItemGroup>
</Project>